// !$*UTF8*$!
{
	archiveVersion = 1;
	classes = {
	};
	objectVersion = 55;
	objects = {

/* Begin PBXBuildFile section */
		422623092B8FADEC00604F63 /* ApiLoad.swift in Sources */ = {isa = PBXBuildFile; fileRef = 422623082B8FADEC00604F63 /* ApiLoad.swift */; };
		4226230B2B8FAF6900604F63 /* converted_data.json in Resources */ = {isa = PBXBuildFile; fileRef = 4226230A2B8FAF6900604F63 /* converted_data.json */; };
		4226230D2B8FAF8300604F63 /* UserModel.swift in Sources */ = {isa = PBXBuildFile; fileRef = 4226230C2B8FAF8300604F63 /* UserModel.swift */; };
		422F31582B435B1E0027143D /* Tests_iOS.swift in Sources */ = {isa = PBXBuildFile; fileRef = 422F31572B435B1E0027143D /* Tests_iOS.swift */; };
		422F315A2B435B1E0027143D /* Tests_iOSLaunchTests.swift in Sources */ = {isa = PBXBuildFile; fileRef = 422F31592B435B1E0027143D /* Tests_iOSLaunchTests.swift */; };
		422F31642B435B1E0027143D /* Tests_macOS.swift in Sources */ = {isa = PBXBuildFile; fileRef = 422F31632B435B1E0027143D /* Tests_macOS.swift */; };
		422F31662B435B1E0027143D /* Tests_macOSLaunchTests.swift in Sources */ = {isa = PBXBuildFile; fileRef = 422F31652B435B1E0027143D /* Tests_macOSLaunchTests.swift */; };
		422F31672B435B1E0027143D /* JsonAppApp.swift in Sources */ = {isa = PBXBuildFile; fileRef = 422F313F2B435B1A0027143D /* JsonAppApp.swift */; };
		422F31682B435B1E0027143D /* JsonAppApp.swift in Sources */ = {isa = PBXBuildFile; fileRef = 422F313F2B435B1A0027143D /* JsonAppApp.swift */; };
		422F31692B435B1E0027143D /* ContentView.swift in Sources */ = {isa = PBXBuildFile; fileRef = 422F31402B435B1A0027143D /* ContentView.swift */; };
		422F316A2B435B1E0027143D /* ContentView.swift in Sources */ = {isa = PBXBuildFile; fileRef = 422F31402B435B1A0027143D /* ContentView.swift */; };
		422F316B2B435B1E0027143D /* Assets.xcassets in Resources */ = {isa = PBXBuildFile; fileRef = 422F31412B435B1E0027143D /* Assets.xcassets */; };
		422F316C2B435B1E0027143D /* Assets.xcassets in Resources */ = {isa = PBXBuildFile; fileRef = 422F31412B435B1E0027143D /* Assets.xcassets */; };
/* End PBXBuildFile section */

/* Begin PBXContainerItemProxy section */
		422F31542B435B1E0027143D /* PBXContainerItemProxy */ = {
			isa = PBXContainerItemProxy;
			containerPortal = 422F313A2B435B190027143D /* Project object */;
			proxyType = 1;
			remoteGlobalIDString = 422F31452B435B1E0027143D;
			remoteInfo = "JsonApp (iOS)";
		};
		422F31602B435B1E0027143D /* PBXContainerItemProxy */ = {
			isa = PBXContainerItemProxy;
			containerPortal = 422F313A2B435B190027143D /* Project object */;
			proxyType = 1;
			remoteGlobalIDString = 422F314B2B435B1E0027143D;
			remoteInfo = "JsonApp (macOS)";
		};
/* End PBXContainerItemProxy section */

/* Begin PBXFileReference section */
		422623082B8FADEC00604F63 /* ApiLoad.swift */ = {isa = PBXFileReference; lastKnownFileType = sourcecode.swift; path = ApiLoad.swift; sourceTree = "<group>"; };
		4226230A2B8FAF6900604F63 /* converted_data.json */ = {isa = PBXFileReference; lastKnownFileType = text.json; path = converted_data.json; sourceTree = "<group>"; };
		4226230C2B8FAF8300604F63 /* UserModel.swift */ = {isa = PBXFileReference; lastKnownFileType = sourcecode.swift; path = UserModel.swift; sourceTree = "<group>"; };
		422F313F2B435B1A0027143D /* JsonAppApp.swift */ = {isa = PBXFileReference; lastKnownFileType = sourcecode.swift; path = JsonAppApp.swift; sourceTree = "<group>"; };
		422F31402B435B1A0027143D /* ContentView.swift */ = {isa = PBXFileReference; lastKnownFileType = sourcecode.swift; path = ContentView.swift; sourceTree = "<group>"; };
		422F31412B435B1E0027143D /* Assets.xcassets */ = {isa = PBXFileReference; lastKnownFileType = folder.assetcatalog; path = Assets.xcassets; sourceTree = "<group>"; };
		422F31462B435B1E0027143D /* JsonApp.app */ = {isa = PBXFileReference; explicitFileType = wrapper.application; includeInIndex = 0; path = JsonApp.app; sourceTree = BUILT_PRODUCTS_DIR; };
		422F314C2B435B1E0027143D /* JsonApp.app */ = {isa = PBXFileReference; explicitFileType = wrapper.application; includeInIndex = 0; path = JsonApp.app; sourceTree = BUILT_PRODUCTS_DIR; };
		422F314E2B435B1E0027143D /* macOS.entitlements */ = {isa = PBXFileReference; lastKnownFileType = text.plist.entitlements; path = macOS.entitlements; sourceTree = "<group>"; };
		422F31532B435B1E0027143D /* Tests iOS.xctest */ = {isa = PBXFileReference; explicitFileType = wrapper.cfbundle; includeInIndex = 0; path = "Tests iOS.xctest"; sourceTree = BUILT_PRODUCTS_DIR; };
		422F31572B435B1E0027143D /* Tests_iOS.swift */ = {isa = PBXFileReference; lastKnownFileType = sourcecode.swift; path = Tests_iOS.swift; sourceTree = "<group>"; };
		422F31592B435B1E0027143D /* Tests_iOSLaunchTests.swift */ = {isa = PBXFileReference; lastKnownFileType = sourcecode.swift; path = Tests_iOSLaunchTests.swift; sourceTree = "<group>"; };
		422F315F2B435B1E0027143D /* Tests macOS.xctest */ = {isa = PBXFileReference; explicitFileType = wrapper.cfbundle; includeInIndex = 0; path = "Tests macOS.xctest"; sourceTree = BUILT_PRODUCTS_DIR; };
		422F31632B435B1E0027143D /* Tests_macOS.swift */ = {isa = PBXFileReference; lastKnownFileType = sourcecode.swift; path = Tests_macOS.swift; sourceTree = "<group>"; };
		422F31652B435B1E0027143D /* Tests_macOSLaunchTests.swift */ = {isa = PBXFileReference; lastKnownFileType = sourcecode.swift; path = Tests_macOSLaunchTests.swift; sourceTree = "<group>"; };
/* End PBXFileReference section */

/* Begin PBXFrameworksBuildPhase section */
		422F31432B435B1E0027143D /* Frameworks */ = {
			isa = PBXFrameworksBuildPhase;
			buildActionMask = 2147483647;
			files = (
			);
			runOnlyForDeploymentPostprocessing = 0;
		};
		422F31492B435B1E0027143D /* Frameworks */ = {
			isa = PBXFrameworksBuildPhase;
			buildActionMask = 2147483647;
			files = (
			);
			runOnlyForDeploymentPostprocessing = 0;
		};
		422F31502B435B1E0027143D /* Frameworks */ = {
			isa = PBXFrameworksBuildPhase;
			buildActionMask = 2147483647;
			files = (
			);
			runOnlyForDeploymentPostprocessing = 0;
		};
		422F315C2B435B1E0027143D /* Frameworks */ = {
			isa = PBXFrameworksBuildPhase;
			buildActionMask = 2147483647;
			files = (
			);
			runOnlyForDeploymentPostprocessing = 0;
		};
/* End PBXFrameworksBuildPhase section */

/* Begin PBXGroup section */
		422623052B8FAD3A00604F63 /* Views */ = {
			isa = PBXGroup;
			children = (
				422F31402B435B1A0027143D /* ContentView.swift */,
			);
			path = Views;
			sourceTree = "<group>";
		};
		422623062B8FAD4700604F63 /* JSON */ = {
			isa = PBXGroup;
			children = (
				422623082B8FADEC00604F63 /* ApiLoad.swift */,
				4226230C2B8FAF8300604F63 /* UserModel.swift */,
				4226230A2B8FAF6900604F63 /* converted_data.json */,
			);
			path = JSON;
			sourceTree = "<group>";
		};
		422623072B8FADA100604F63 /* Supporting files */ = {
			isa = PBXGroup;
			children = (
				422F31412B435B1E0027143D /* Assets.xcassets */,
				422F313F2B435B1A0027143D /* JsonAppApp.swift */,
			);
			path = "Supporting files";
			sourceTree = "<group>";
		};
		422F31392B435B190027143D = {
			isa = PBXGroup;
			children = (
				422F313E2B435B1A0027143D /* Shared */,
				422F314D2B435B1E0027143D /* macOS */,
				422F31562B435B1E0027143D /* Tests iOS */,
				422F31622B435B1E0027143D /* Tests macOS */,
				422F31472B435B1E0027143D /* Products */,
			);
			sourceTree = "<group>";
		};
		422F313E2B435B1A0027143D /* Shared */ = {
			isa = PBXGroup;
			children = (
				422623072B8FADA100604F63 /* Supporting files */,
				422623062B8FAD4700604F63 /* JSON */,
				422623052B8FAD3A00604F63 /* Views */,
			);
			path = Shared;
			sourceTree = "<group>";
		};
		422F31472B435B1E0027143D /* Products */ = {
			isa = PBXGroup;
			children = (
				422F31462B435B1E0027143D /* JsonApp.app */,
				422F314C2B435B1E0027143D /* JsonApp.app */,
				422F31532B435B1E0027143D /* Tests iOS.xctest */,
				422F315F2B435B1E0027143D /* Tests macOS.xctest */,
			);
			name = Products;
			sourceTree = "<group>";
		};
		422F314D2B435B1E0027143D /* macOS */ = {
			isa = PBXGroup;
			children = (
				422F314E2B435B1E0027143D /* macOS.entitlements */,
			);
			path = macOS;
			sourceTree = "<group>";
		};
		422F31562B435B1E0027143D /* Tests iOS */ = {
			isa = PBXGroup;
			children = (
				422F31572B435B1E0027143D /* Tests_iOS.swift */,
				422F31592B435B1E0027143D /* Tests_iOSLaunchTests.swift */,
			);
			path = "Tests iOS";
			sourceTree = "<group>";
		};
		422F31622B435B1E0027143D /* Tests macOS */ = {
			isa = PBXGroup;
			children = (
				422F31632B435B1E0027143D /* Tests_macOS.swift */,
				422F31652B435B1E0027143D /* Tests_macOSLaunchTests.swift */,
			);
			path = "Tests macOS";
			sourceTree = "<group>";
		};
/* End PBXGroup section */

/* Begin PBXNativeTarget section */
		422F31452B435B1E0027143D /* JsonApp (iOS) */ = {
			isa = PBXNativeTarget;
			buildConfigurationList = 422F316F2B435B1E0027143D /* Build configuration list for PBXNativeTarget "JsonApp (iOS)" */;
			buildPhases = (
				422F31422B435B1E0027143D /* Sources */,
				422F31432B435B1E0027143D /* Frameworks */,
				422F31442B435B1E0027143D /* Resources */,
			);
			buildRules = (
			);
			dependencies = (
			);
			name = "JsonApp (iOS)";
			productName = "JsonApp (iOS)";
			productReference = 422F31462B435B1E0027143D /* JsonApp.app */;
			productType = "com.apple.product-type.application";
		};
		422F314B2B435B1E0027143D /* JsonApp (macOS) */ = {
			isa = PBXNativeTarget;
			buildConfigurationList = 422F31722B435B1E0027143D /* Build configuration list for PBXNativeTarget "JsonApp (macOS)" */;
			buildPhases = (
				422F31482B435B1E0027143D /* Sources */,
				422F31492B435B1E0027143D /* Frameworks */,
				422F314A2B435B1E0027143D /* Resources */,
			);
			buildRules = (
			);
			dependencies = (
			);
			name = "JsonApp (macOS)";
			productName = "JsonApp (macOS)";
			productReference = 422F314C2B435B1E0027143D /* JsonApp.app */;
			productType = "com.apple.product-type.application";
		};
		422F31522B435B1E0027143D /* Tests iOS */ = {
			isa = PBXNativeTarget;
			buildConfigurationList = 422F31752B435B1E0027143D /* Build configuration list for PBXNativeTarget "Tests iOS" */;
			buildPhases = (
				422F314F2B435B1E0027143D /* Sources */,
				422F31502B435B1E0027143D /* Frameworks */,
				422F31512B435B1E0027143D /* Resources */,
			);
			buildRules = (
			);
			dependencies = (
				422F31552B435B1E0027143D /* PBXTargetDependency */,
			);
			name = "Tests iOS";
			productName = "Tests iOS";
			productReference = 422F31532B435B1E0027143D /* Tests iOS.xctest */;
			productType = "com.apple.product-type.bundle.ui-testing";
		};
		422F315E2B435B1E0027143D /* Tests macOS */ = {
			isa = PBXNativeTarget;
			buildConfigurationList = 422F31782B435B1E0027143D /* Build configuration list for PBXNativeTarget "Tests macOS" */;
			buildPhases = (
				422F315B2B435B1E0027143D /* Sources */,
				422F315C2B435B1E0027143D /* Frameworks */,
				422F315D2B435B1E0027143D /* Resources */,
			);
			buildRules = (
			);
			dependencies = (
				422F31612B435B1E0027143D /* PBXTargetDependency */,
			);
			name = "Tests macOS";
			productName = "Tests macOS";
			productReference = 422F315F2B435B1E0027143D /* Tests macOS.xctest */;
			productType = "com.apple.product-type.bundle.ui-testing";
		};
/* End PBXNativeTarget section */

/* Begin PBXProject section */
		422F313A2B435B190027143D /* Project object */ = {
			isa = PBXProject;
			attributes = {
				BuildIndependentTargetsInParallel = 1;
				LastSwiftUpdateCheck = 1340;
				LastUpgradeCheck = 1340;
				TargetAttributes = {
					422F31452B435B1E0027143D = {
						CreatedOnToolsVersion = 13.4.1;
					};
					422F314B2B435B1E0027143D = {
						CreatedOnToolsVersion = 13.4.1;
					};
					422F31522B435B1E0027143D = {
						CreatedOnToolsVersion = 13.4.1;
						TestTargetID = 422F31452B435B1E0027143D;
					};
					422F315E2B435B1E0027143D = {
						CreatedOnToolsVersion = 13.4.1;
						TestTargetID = 422F314B2B435B1E0027143D;
					};
				};
			};
			buildConfigurationList = 422F313D2B435B190027143D /* Build configuration list for PBXProject "JsonApp" */;
			compatibilityVersion = "Xcode 13.0";
			developmentRegion = en;
			hasScannedForEncodings = 0;
			knownRegions = (
				en,
				Base,
			);
			mainGroup = 422F31392B435B190027143D;
			productRefGroup = 422F31472B435B1E0027143D /* Products */;
			projectDirPath = "";
			projectRoot = "";
			targets = (
				422F31452B435B1E0027143D /* JsonApp (iOS) */,
				422F314B2B435B1E0027143D /* JsonApp (macOS) */,
				422F31522B435B1E0027143D /* Tests iOS */,
				422F315E2B435B1E0027143D /* Tests macOS */,
			);
		};
/* End PBXProject section */

/* Begin PBXResourcesBuildPhase section */
		422F31442B435B1E0027143D /* Resources */ = {
			isa = PBXResourcesBuildPhase;
			buildActionMask = 2147483647;
			files = (
				4226230B2B8FAF6900604F63 /* converted_data.json in Resources */,
				422F316B2B435B1E0027143D /* Assets.xcassets in Resources */,
			);
			runOnlyForDeploymentPostprocessing = 0;
		};
		422F314A2B435B1E0027143D /* Resources */ = {
			isa = PBXResourcesBuildPhase;
			buildActionMask = 2147483647;
			files = (
				422F316C2B435B1E0027143D /* Assets.xcassets in Resources */,
			);
			runOnlyForDeploymentPostprocessing = 0;
		};
		422F31512B435B1E0027143D /* Resources */ = {
			isa = PBXResourcesBuildPhase;
			buildActionMask = 2147483647;
			files = (
			);
			runOnlyForDeploymentPostprocessing = 0;
		};
		422F315D2B435B1E0027143D /* Resources */ = {
			isa = PBXResourcesBuildPhase;
			buildActionMask = 2147483647;
			files = (
			);
			runOnlyForDeploymentPostprocessing = 0;
		};
/* End PBXResourcesBuildPhase section */

/* Begin PBXSourcesBuildPhase section */
		422F31422B435B1E0027143D /* Sources */ = {
			isa = PBXSourcesBuildPhase;
			buildActionMask = 2147483647;
			files = (
				422F31692B435B1E0027143D /* ContentView.swift in Sources */,
				422F31672B435B1E0027143D /* JsonAppApp.swift in Sources */,
				4226230D2B8FAF8300604F63 /* UserModel.swift in Sources */,
				422623092B8FADEC00604F63 /* ApiLoad.swift in Sources */,
			);
			runOnlyForDeploymentPostprocessing = 0;
		};
		422F31482B435B1E0027143D /* Sources */ = {
			isa = PBXSourcesBuildPhase;
			buildActionMask = 2147483647;
			files = (
				422F316A2B435B1E0027143D /* ContentView.swift in Sources */,
				422F31682B435B1E0027143D /* JsonAppApp.swift in Sources */,
			);
			runOnlyForDeploymentPostprocessing = 0;
		};
		422F314F2B435B1E0027143D /* Sources */ = {
			isa = PBXSourcesBuildPhase;
			buildActionMask = 2147483647;
			files = (
				422F315A2B435B1E0027143D /* Tests_iOSLaunchTests.swift in Sources */,
				422F31582B435B1E0027143D /* Tests_iOS.swift in Sources */,
			);
			runOnlyForDeploymentPostprocessing = 0;
		};
		422F315B2B435B1E0027143D /* Sources */ = {
			isa = PBXSourcesBuildPhase;
			buildActionMask = 2147483647;
			files = (
				422F31662B435B1E0027143D /* Tests_macOSLaunchTests.swift in Sources */,
				422F31642B435B1E0027143D /* Tests_macOS.swift in Sources */,
			);
			runOnlyForDeploymentPostprocessing = 0;
		};
/* End PBXSourcesBuildPhase section */

/* Begin PBXTargetDependency section */
		422F31552B435B1E0027143D /* PBXTargetDependency */ = {
			isa = PBXTargetDependency;
			target = 422F31452B435B1E0027143D /* JsonApp (iOS) */;
			targetProxy = 422F31542B435B1E0027143D /* PBXContainerItemProxy */;
		};
		422F31612B435B1E0027143D /* PBXTargetDependency */ = {
			isa = PBXTargetDependency;
			target = 422F314B2B435B1E0027143D /* JsonApp (macOS) */;
			targetProxy = 422F31602B435B1E0027143D /* PBXContainerItemProxy */;
		};
/* End PBXTargetDependency section */

/* Begin XCBuildConfiguration section */
		422F316D2B435B1E0027143D /* Debug */ = {
			isa = XCBuildConfiguration;
			buildSettings = {
				ALWAYS_SEARCH_USER_PATHS = NO;
				CLANG_ANALYZER_NONNULL = YES;
				CLANG_ANALYZER_NUMBER_OBJECT_CONVERSION = YES_AGGRESSIVE;
				CLANG_CXX_LANGUAGE_STANDARD = "gnu++17";
				CLANG_ENABLE_MODULES = YES;
				CLANG_ENABLE_OBJC_ARC = YES;
				CLANG_ENABLE_OBJC_WEAK = YES;
				CLANG_WARN_BLOCK_CAPTURE_AUTORELEASING = YES;
				CLANG_WARN_BOOL_CONVERSION = YES;
				CLANG_WARN_COMMA = YES;
				CLANG_WARN_CONSTANT_CONVERSION = YES;
				CLANG_WARN_DEPRECATED_OBJC_IMPLEMENTATIONS = YES;
				CLANG_WARN_DIRECT_OBJC_ISA_USAGE = YES_ERROR;
				CLANG_WARN_DOCUMENTATION_COMMENTS = YES;
				CLANG_WARN_EMPTY_BODY = YES;
				CLANG_WARN_ENUM_CONVERSION = YES;
				CLANG_WARN_INFINITE_RECURSION = YES;
				CLANG_WARN_INT_CONVERSION = YES;
				CLANG_WARN_NON_LITERAL_NULL_CONVERSION = YES;
				CLANG_WARN_OBJC_IMPLICIT_RETAIN_SELF = YES;
				CLANG_WARN_OBJC_LITERAL_CONVERSION = YES;
				CLANG_WARN_OBJC_ROOT_CLASS = YES_ERROR;
				CLANG_WARN_QUOTED_INCLUDE_IN_FRAMEWORK_HEADER = YES;
				CLANG_WARN_RANGE_LOOP_ANALYSIS = YES;
				CLANG_WARN_STRICT_PROTOTYPES = YES;
				CLANG_WARN_SUSPICIOUS_MOVE = YES;
				CLANG_WARN_UNGUARDED_AVAILABILITY = YES_AGGRESSIVE;
				CLANG_WARN_UNREACHABLE_CODE = YES;
				CLANG_WARN__DUPLICATE_METHOD_MATCH = YES;
				COPY_PHASE_STRIP = NO;
				DEBUG_INFORMATION_FORMAT = dwarf;
				ENABLE_STRICT_OBJC_MSGSEND = YES;
				ENABLE_TESTABILITY = YES;
				GCC_C_LANGUAGE_STANDARD = gnu11;
				GCC_DYNAMIC_NO_PIC = NO;
				GCC_NO_COMMON_BLOCKS = YES;
				GCC_OPTIMIZATION_LEVEL = 0;
				GCC_PREPROCESSOR_DEFINITIONS = (
					"DEBUG=1",
					"$(inherited)",
				);
				GCC_WARN_64_TO_32_BIT_CONVERSION = YES;
				GCC_WARN_ABOUT_RETURN_TYPE = YES_ERROR;
				GCC_WARN_UNDECLARED_SELECTOR = YES;
				GCC_WARN_UNINITIALIZED_AUTOS = YES_AGGRESSIVE;
				GCC_WARN_UNUSED_FUNCTION = YES;
				GCC_WARN_UNUSED_VARIABLE = YES;
				MTL_ENABLE_DEBUG_INFO = INCLUDE_SOURCE;
				MTL_FAST_MATH = YES;
				ONLY_ACTIVE_ARCH = YES;
				SWIFT_ACTIVE_COMPILATION_CONDITIONS = DEBUG;
				SWIFT_OPTIMIZATION_LEVEL = "-Onone";
			};
			name = Debug;
		};
		422F316E2B435B1E0027143D /* Release */ = {
			isa = XCBuildConfiguration;
			buildSettings = {
				ALWAYS_SEARCH_USER_PATHS = NO;
				CLANG_ANALYZER_NONNULL = YES;
				CLANG_ANALYZER_NUMBER_OBJECT_CONVERSION = YES_AGGRESSIVE;
				CLANG_CXX_LANGUAGE_STANDARD = "gnu++17";
				CLANG_ENABLE_MODULES = YES;
				CLANG_ENABLE_OBJC_ARC = YES;
				CLANG_ENABLE_OBJC_WEAK = YES;
				CLANG_WARN_BLOCK_CAPTURE_AUTORELEASING = YES;
				CLANG_WARN_BOOL_CONVERSION = YES;
				CLANG_WARN_COMMA = YES;
				CLANG_WARN_CONSTANT_CONVERSION = YES;
				CLANG_WARN_DEPRECATED_OBJC_IMPLEMENTATIONS = YES;
				CLANG_WARN_DIRECT_OBJC_ISA_USAGE = YES_ERROR;
				CLANG_WARN_DOCUMENTATION_COMMENTS = YES;
				CLANG_WARN_EMPTY_BODY = YES;
				CLANG_WARN_ENUM_CONVERSION = YES;
				CLANG_WARN_INFINITE_RECURSION = YES;
				CLANG_WARN_INT_CONVERSION = YES;
				CLANG_WARN_NON_LITERAL_NULL_CONVERSION = YES;
				CLANG_WARN_OBJC_IMPLICIT_RETAIN_SELF = YES;
				CLANG_WARN_OBJC_LITERAL_CONVERSION = YES;
				CLANG_WARN_OBJC_ROOT_CLASS = YES_ERROR;
				CLANG_WARN_QUOTED_INCLUDE_IN_FRAMEWORK_HEADER = YES;
				CLANG_WARN_RANGE_LOOP_ANALYSIS = YES;
				CLANG_WARN_STRICT_PROTOTYPES = YES;
				CLANG_WARN_SUSPICIOUS_MOVE = YES;
				CLANG_WARN_UNGUARDED_AVAILABILITY = YES_AGGRESSIVE;
				CLANG_WARN_UNREACHABLE_CODE = YES;
				CLANG_WARN__DUPLICATE_METHOD_MATCH = YES;
				COPY_PHASE_STRIP = NO;
				DEBUG_INFORMATION_FORMAT = "dwarf-with-dsym";
				ENABLE_NS_ASSERTIONS = NO;
				ENABLE_STRICT_OBJC_MSGSEND = YES;
				GCC_C_LANGUAGE_STANDARD = gnu11;
				GCC_NO_COMMON_BLOCKS = YES;
				GCC_WARN_64_TO_32_BIT_CONVERSION = YES;
				GCC_WARN_ABOUT_RETURN_TYPE = YES_ERROR;
				GCC_WARN_UNDECLARED_SELECTOR = YES;
				GCC_WARN_UNINITIALIZED_AUTOS = YES_AGGRESSIVE;
				GCC_WARN_UNUSED_FUNCTION = YES;
				GCC_WARN_UNUSED_VARIABLE = YES;
				MTL_ENABLE_DEBUG_INFO = NO;
				MTL_FAST_MATH = YES;
				SWIFT_COMPILATION_MODE = wholemodule;
				SWIFT_OPTIMIZATION_LEVEL = "-O";
			};
			name = Release;
		};
		422F31702B435B1E0027143D /* Debug */ = {
			isa = XCBuildConfiguration;
			buildSettings = {
				ASSETCATALOG_COMPILER_APPICON_NAME = AppIcon;
				ASSETCATALOG_COMPILER_GLOBAL_ACCENT_COLOR_NAME = AccentColor;
				CODE_SIGN_STYLE = Automatic;
				CURRENT_PROJECT_VERSION = 1;
				ENABLE_PREVIEWS = YES;
				GENERATE_INFOPLIST_FILE = YES;
				INFOPLIST_KEY_UIApplicationSceneManifest_Generation = YES;
				INFOPLIST_KEY_UIApplicationSupportsIndirectInputEvents = YES;
				INFOPLIST_KEY_UILaunchScreen_Generation = YES;
				INFOPLIST_KEY_UISupportedInterfaceOrientations_iPad = "UIInterfaceOrientationPortrait UIInterfaceOrientationPortraitUpsideDown UIInterfaceOrientationLandscapeLeft UIInterfaceOrientationLandscapeRight";
				INFOPLIST_KEY_UISupportedInterfaceOrientations_iPhone = "UIInterfaceOrientationPortrait UIInterfaceOrientationLandscapeLeft UIInterfaceOrientationLandscapeRight";
				IPHONEOS_DEPLOYMENT_TARGET = 15.5;
				LD_RUNPATH_SEARCH_PATHS = (
					"$(inherited)",
					"@executable_path/Frameworks",
				);
				MARKETING_VERSION = 1.0;
				PRODUCT_BUNDLE_IDENTIFIER = jsonapp.JsonApp;
				PRODUCT_NAME = JsonApp;
				SDKROOT = iphoneos;
				SWIFT_EMIT_LOC_STRINGS = YES;
				SWIFT_VERSION = 5.0;
				TARGETED_DEVICE_FAMILY = "1,2";
			};
			name = Debug;
		};
		422F31712B435B1E0027143D /* Release */ = {
			isa = XCBuildConfiguration;
			buildSettings = {
				ASSETCATALOG_COMPILER_APPICON_NAME = AppIcon;
				ASSETCATALOG_COMPILER_GLOBAL_ACCENT_COLOR_NAME = AccentColor;
				CODE_SIGN_STYLE = Automatic;
				CURRENT_PROJECT_VERSION = 1;
				ENABLE_PREVIEWS = YES;
				GENERATE_INFOPLIST_FILE = YES;
				INFOPLIST_KEY_UIApplicationSceneManifest_Generation = YES;
				INFOPLIST_KEY_UIApplicationSupportsIndirectInputEvents = YES;
				INFOPLIST_KEY_UILaunchScreen_Generation = YES;
				INFOPLIST_KEY_UISupportedInterfaceOrientations_iPad = "UIInterfaceOrientationPortrait UIInterfaceOrientationPortraitUpsideDown UIInterfaceOrientationLandscapeLeft UIInterfaceOrientationLandscapeRight";
				INFOPLIST_KEY_UISupportedInterfaceOrientations_iPhone = "UIInterfaceOrientationPortrait UIInterfaceOrientationLandscapeLeft UIInterfaceOrientationLandscapeRight";
				IPHONEOS_DEPLOYMENT_TARGET = 15.5;
				LD_RUNPATH_SEARCH_PATHS = (
					"$(inherited)",
					"@executable_path/Frameworks",
				);
				MARKETING_VERSION = 1.0;
				PRODUCT_BUNDLE_IDENTIFIER = jsonapp.JsonApp;
				PRODUCT_NAME = JsonApp;
				SDKROOT = iphoneos;
				SWIFT_EMIT_LOC_STRINGS = YES;
				SWIFT_VERSION = 5.0;
				TARGETED_DEVICE_FAMILY = "1,2";
				VALIDATE_PRODUCT = YES;
			};
			name = Release;
		};
		422F31732B435B1E0027143D /* Debug */ = {
			isa = XCBuildConfiguration;
			buildSettings = {
				ASSETCATALOG_COMPILER_APPICON_NAME = AppIcon;
				ASSETCATALOG_COMPILER_GLOBAL_ACCENT_COLOR_NAME = AccentColor;
				CODE_SIGN_ENTITLEMENTS = macOS/macOS.entitlements;
				CODE_SIGN_STYLE = Automatic;
				COMBINE_HIDPI_IMAGES = YES;
				CURRENT_PROJECT_VERSION = 1;
				ENABLE_PREVIEWS = YES;
				GENERATE_INFOPLIST_FILE = YES;
				INFOPLIST_KEY_NSHumanReadableCopyright = "";
				LD_RUNPATH_SEARCH_PATHS = (
					"$(inherited)",
					"@executable_path/../Frameworks",
				);
				MACOSX_DEPLOYMENT_TARGET = 12.3;
				MARKETING_VERSION = 1.0;
				PRODUCT_BUNDLE_IDENTIFIER = jsonapp.JsonApp;
				PRODUCT_NAME = JsonApp;
				SDKROOT = macosx;
				SWIFT_EMIT_LOC_STRINGS = YES;
				SWIFT_VERSION = 5.0;
			};
			name = Debug;
		};
		422F31742B435B1E0027143D /* Release */ = {
			isa = XCBuildConfiguration;
			buildSettings = {
				ASSETCATALOG_COMPILER_APPICON_NAME = AppIcon;
				ASSETCATALOG_COMPILER_GLOBAL_ACCENT_COLOR_NAME = AccentColor;
				CODE_SIGN_ENTITLEMENTS = macOS/macOS.entitlements;
				CODE_SIGN_STYLE = Automatic;
				COMBINE_HIDPI_IMAGES = YES;
				CURRENT_PROJECT_VERSION = 1;
				ENABLE_PREVIEWS = YES;
				GENERATE_INFOPLIST_FILE = YES;
				INFOPLIST_KEY_NSHumanReadableCopyright = "";
				LD_RUNPATH_SEARCH_PATHS = (
					"$(inherited)",
					"@executable_path/../Frameworks",
				);
				MACOSX_DEPLOYMENT_TARGET = 12.3;
				MARKETING_VERSION = 1.0;
				PRODUCT_BUNDLE_IDENTIFIER = jsonapp.JsonApp;
				PRODUCT_NAME = JsonApp;
				SDKROOT = macosx;
				SWIFT_EMIT_LOC_STRINGS = YES;
				SWIFT_VERSION = 5.0;
			};
			name = Release;
		};
		422F31762B435B1E0027143D /* Debug */ = {
			isa = XCBuildConfiguration;
			buildSettings = {
				ALWAYS_EMBED_SWIFT_STANDARD_LIBRARIES = YES;
				CODE_SIGN_STYLE = Automatic;
				CURRENT_PROJECT_VERSION = 1;
				GENERATE_INFOPLIST_FILE = YES;
				IPHONEOS_DEPLOYMENT_TARGET = 15.5;
				MARKETING_VERSION = 1.0;
				PRODUCT_BUNDLE_IDENTIFIER = "jsonapp.Tests-iOS";
				PRODUCT_NAME = "$(TARGET_NAME)";
				SDKROOT = iphoneos;
				SWIFT_EMIT_LOC_STRINGS = NO;
				SWIFT_VERSION = 5.0;
				TARGETED_DEVICE_FAMILY = "1,2";
				TEST_TARGET_NAME = "JsonApp (iOS)";
			};
			name = Debug;
		};
		422F31772B435B1E0027143D /* Release */ = {
			isa = XCBuildConfiguration;
			buildSettings = {
				ALWAYS_EMBED_SWIFT_STANDARD_LIBRARIES = YES;
				CODE_SIGN_STYLE = Automatic;
				CURRENT_PROJECT_VERSION = 1;
				GENERATE_INFOPLIST_FILE = YES;
				IPHONEOS_DEPLOYMENT_TARGET = 15.5;
				MARKETING_VERSION = 1.0;
				PRODUCT_BUNDLE_IDENTIFIER = "jsonapp.Tests-iOS";
				PRODUCT_NAME = "$(TARGET_NAME)";
				SDKROOT = iphoneos;
				SWIFT_EMIT_LOC_STRINGS = NO;
				SWIFT_VERSION = 5.0;
				TARGETED_DEVICE_FAMILY = "1,2";
				TEST_TARGET_NAME = "JsonApp (iOS)";
				VALIDATE_PRODUCT = YES;
			};
			name = Release;
		};
		422F31792B435B1E0027143D /* Debug */ = {
			isa = XCBuildConfiguration;
			buildSettings = {
				ALWAYS_EMBED_SWIFT_STANDARD_LIBRARIES = YES;
				CODE_SIGN_STYLE = Automatic;
				CURRENT_PROJECT_VERSION = 1;
				GENERATE_INFOPLIST_FILE = YES;
				MACOSX_DEPLOYMENT_TARGET = 12.3;
				MARKETING_VERSION = 1.0;
				PRODUCT_BUNDLE_IDENTIFIER = "jsonapp.Tests-macOS";
				PRODUCT_NAME = "$(TARGET_NAME)";
				SDKROOT = macosx;
				SWIFT_EMIT_LOC_STRINGS = NO;
				SWIFT_VERSION = 5.0;
				TEST_TARGET_NAME = "JsonApp (macOS)";
			};
			name = Debug;
		};
		422F317A2B435B1E0027143D /* Release */ = {
			isa = XCBuildConfiguration;
			buildSettings = {
				ALWAYS_EMBED_SWIFT_STANDARD_LIBRARIES = YES;
				CODE_SIGN_STYLE = Automatic;
				CURRENT_PROJECT_VERSION = 1;
				GENERATE_INFOPLIST_FILE = YES;
				MACOSX_DEPLOYMENT_TARGET = 12.3;
				MARKETING_VERSION = 1.0;
				PRODUCT_BUNDLE_IDENTIFIER = "jsonapp.Tests-macOS";
				PRODUCT_NAME = "$(TARGET_NAME)";
				SDKROOT = macosx;
				SWIFT_EMIT_LOC_STRINGS = NO;
				SWIFT_VERSION = 5.0;
				TEST_TARGET_NAME = "JsonApp (macOS)";
			};
			name = Release;
		};
/* End XCBuildConfiguration section */

/* Begin XCConfigurationList section */
		422F313D2B435B190027143D /* Build configuration list for PBXProject "JsonApp" */ = {
			isa = XCConfigurationList;
			buildConfigurations = (
				422F316D2B435B1E0027143D /* Debug */,
				422F316E2B435B1E0027143D /* Release */,
			);
			defaultConfigurationIsVisible = 0;
			defaultConfigurationName = Release;
		};
		422F316F2B435B1E0027143D /* Build configuration list for PBXNativeTarget "JsonApp (iOS)" */ = {
			isa = XCConfigurationList;
			buildConfigurations = (
				422F31702B435B1E0027143D /* Debug */,
				422F31712B435B1E0027143D /* Release */,
			);
			defaultConfigurationIsVisible = 0;
			defaultConfigurationName = Release;
		};
		422F31722B435B1E0027143D /* Build configuration list for PBXNativeTarget "JsonApp (macOS)" */ = {
			isa = XCConfigurationList;
			buildConfigurations = (
				422F31732B435B1E0027143D /* Debug */,
				422F31742B435B1E0027143D /* Release */,
			);
			defaultConfigurationIsVisible = 0;
			defaultConfigurationName = Release;
		};
		422F31752B435B1E0027143D /* Build configuration list for PBXNativeTarget "Tests iOS" */ = {
			isa = XCConfigurationList;
			buildConfigurations = (
				422F31762B435B1E0027143D /* Debug */,
				422F31772B435B1E0027143D /* Release */,
			);
			defaultConfigurationIsVisible = 0;
			defaultConfigurationName = Release;
		};
		422F31782B435B1E0027143D /* Build configuration list for PBXNativeTarget "Tests macOS" */ = {
			isa = XCConfigurationList;
			buildConfigurations = (
				422F31792B435B1E0027143D /* Debug */,
				422F317A2B435B1E0027143D /* Release */,
			);
			defaultConfigurationIsVisible = 0;
			defaultConfigurationName = Release;
		};
/* End XCConfigurationList section */
	};
	rootObject = 422F313A2B435B190027143D /* Project object */;
}
